
Microsoft Visual Studio Solution File, Format Version 12.00
# Visual Studio Version 17
VisualStudioVersion = 17.9.34902.65
MinimumVisualStudioVersion = 10.0.40219.1
Project("{FAE04EC0-301F-11D3-BF4B-00C04F79EFBC}") = "RazorPagesApp", "RazorPagesApp.csproj", "{93ECD1EF-8917-4A06-89A5-A5C645D32AA9}"
EndProject
Global
	GlobalSection(SolutionConfigurationPlatforms) = preSolution
		Debug|Any CPU = Debug|Any CPU
		Release|Any CPU = Release|Any CPU
	EndGlobalSection
	GlobalSection(ProjectConfigurationPlatforms) = postSolution
		{93ECD1EF-8917-4A06-89A5-A5C645D32AA9}.Debug|Any CPU.ActiveCfg = Debug|Any CPU
		{93ECD1EF-8917-4A06-89A5-A5C645D32AA9}.Debug|Any CPU.Build.0 = Debug|Any CPU
		{93ECD1EF-8917-4A06-89A5-A5C645D32AA9}.Release|Any CPU.ActiveCfg = Release|Any CPU
		{93ECD1EF-8917-4A06-89A5-A5C645D32AA9}.Release|Any CPU.Build.0 = Release|Any CPU
	EndGlobalSection
	GlobalSection(SolutionProperties) = preSolution
		HideSolutionNode = FALSE
	EndGlobalSection
	GlobalSection(ExtensibilityGlobals) = postSolution
		SolutionGuid = {A3BC122B-F404-4F8F-B3AF-64B7FE45EE5A}
	EndGlobalSection
EndGlobal
