
Microsoft Visual Studio Solution File, Format Version 12.00
# Visual Studio Version 17
VisualStudioVersion = 17.9.34902.65
MinimumVisualStudioVersion = 10.0.40219.1
Project("{FAE04EC0-301F-11D3-BF4B-00C04F79EFBC}") = "RazorPagesApp", "RazorPagesApp.csproj", "{094E8EC2-8EEA-4E4D-87B8-B0E351982F58}"
EndProject
Global
	GlobalSection(SolutionConfigurationPlatforms) = preSolution
		Debug|Any CPU = Debug|Any CPU
		Release|Any CPU = Release|Any CPU
	EndGlobalSection
	GlobalSection(ProjectConfigurationPlatforms) = postSolution
		{094E8EC2-8EEA-4E4D-87B8-B0E351982F58}.Debug|Any CPU.ActiveCfg = Debug|Any CPU
		{094E8EC2-8EEA-4E4D-87B8-B0E351982F58}.Debug|Any CPU.Build.0 = Debug|Any CPU
		{094E8EC2-8EEA-4E4D-87B8-B0E351982F58}.Release|Any CPU.ActiveCfg = Release|Any CPU
		{094E8EC2-8EEA-4E4D-87B8-B0E351982F58}.Release|Any CPU.Build.0 = Release|Any CPU
	EndGlobalSection
	GlobalSection(SolutionProperties) = preSolution
		HideSolutionNode = FALSE
	EndGlobalSection
	GlobalSection(ExtensibilityGlobals) = postSolution
		SolutionGuid = {18212503-9FE7-4817-8BC0-534D642AAE37}
	EndGlobalSection
EndGlobal
